// !$*UTF8*$!
{
	archiveVersion = 1;
	classes = {
	};
	objectVersion = 46;
	objects = {

/* Begin PBXBuildFile section */
		461B625C1AAA4A7D00A20BED /* Mapper.swift in Sources */ = {isa = PBXBuildFile; fileRef = 461B625B1AAA4A7D00A20BED /* Mapper.swift */; };
		461B625E1AAA4AB600A20BED /* StoryMapper.swift in Sources */ = {isa = PBXBuildFile; fileRef = 461B625D1AAA4AB600A20BED /* StoryMapper.swift */; };
		463FD98A1A8297CE00D2787B /* HNListTableViewController.swift in Sources */ = {isa = PBXBuildFile; fileRef = 463FD9891A8297CE00D2787B /* HNListTableViewController.swift */; };
		463FD98E1A82AB2B00D2787B /* HNStoryTableViewCell.swift in Sources */ = {isa = PBXBuildFile; fileRef = 463FD98D1A82AB2B00D2787B /* HNStoryTableViewCell.swift */; };
		4668CAF61A8266ED006D125B /* AppDelegate.swift in Sources */ = {isa = PBXBuildFile; fileRef = 4668CAF51A8266ED006D125B /* AppDelegate.swift */; };
		4668CAFB1A8266ED006D125B /* Main.storyboard in Resources */ = {isa = PBXBuildFile; fileRef = 4668CAF91A8266ED006D125B /* Main.storyboard */; };
		4668CAFD1A8266ED006D125B /* Images.xcassets in Resources */ = {isa = PBXBuildFile; fileRef = 4668CAFC1A8266ED006D125B /* Images.xcassets */; };
		4668CB001A8266ED006D125B /* LaunchScreen.xib in Resources */ = {isa = PBXBuildFile; fileRef = 4668CAFE1A8266ED006D125B /* LaunchScreen.xib */; };
		4668CB0C1A8266ED006D125B /* HNReaderTests.swift in Sources */ = {isa = PBXBuildFile; fileRef = 4668CB0B1A8266ED006D125B /* HNReaderTests.swift */; };
		4668CB161A8267C8006D125B /* Firebase.framework in Frameworks */ = {isa = PBXBuildFile; fileRef = 4668CB151A8267C8006D125B /* Firebase.framework */; };
		4668CB181A82680B006D125B /* libicucore.dylib in Frameworks */ = {isa = PBXBuildFile; fileRef = 4668CB171A82680B006D125B /* libicucore.dylib */; };
		4668CB1A1A826819006D125B /* libc++.dylib in Frameworks */ = {isa = PBXBuildFile; fileRef = 4668CB191A826819006D125B /* libc++.dylib */; };
		4668CB1C1A826822006D125B /* CFNetwork.framework in Frameworks */ = {isa = PBXBuildFile; fileRef = 4668CB1B1A826822006D125B /* CFNetwork.framework */; };
		4668CB1E1A82682D006D125B /* Security.framework in Frameworks */ = {isa = PBXBuildFile; fileRef = 4668CB1D1A82682D006D125B /* Security.framework */; };
		4668CB201A826839006D125B /* SystemConfiguration.framework in Frameworks */ = {isa = PBXBuildFile; fileRef = 4668CB1F1A826839006D125B /* SystemConfiguration.framework */; };
		4668CB261A826A44006D125B /* FirebaseHelper.swift in Sources */ = {isa = PBXBuildFile; fileRef = 4668CB251A826A44006D125B /* FirebaseHelper.swift */; };
		4668CB281A8289EB006D125B /* Story.swift in Sources */ = {isa = PBXBuildFile; fileRef = 4668CB271A8289EB006D125B /* Story.swift */; };
		4668CB2B1A828F38006D125B /* SwiftyJSON.swift in Sources */ = {isa = PBXBuildFile; fileRef = 4668CB2A1A828F38006D125B /* SwiftyJSON.swift */; };
		468FEE321A8BEEC2005D3C98 /* WebViewController.swift in Sources */ = {isa = PBXBuildFile; fileRef = 468FEE311A8BEEC2005D3C98 /* WebViewController.swift */; };
/* End PBXBuildFile section */

/* Begin PBXContainerItemProxy section */
		4668CB061A8266ED006D125B /* PBXContainerItemProxy */ = {
			isa = PBXContainerItemProxy;
			containerPortal = 4668CAE81A8266ED006D125B /* Project object */;
			proxyType = 1;
			remoteGlobalIDString = 4668CAEF1A8266ED006D125B;
			remoteInfo = HNReader;
		};
/* End PBXContainerItemProxy section */

/* Begin PBXFileReference section */
		461B625B1AAA4A7D00A20BED /* Mapper.swift */ = {isa = PBXFileReference; fileEncoding = 4; lastKnownFileType = sourcecode.swift; path = Mapper.swift; sourceTree = "<group>"; };
		461B625D1AAA4AB600A20BED /* StoryMapper.swift */ = {isa = PBXFileReference; fileEncoding = 4; lastKnownFileType = sourcecode.swift; path = StoryMapper.swift; sourceTree = "<group>"; };
		463FD9891A8297CE00D2787B /* HNListTableViewController.swift */ = {isa = PBXFileReference; fileEncoding = 4; lastKnownFileType = sourcecode.swift; path = HNListTableViewController.swift; sourceTree = "<group>"; };
		463FD98D1A82AB2B00D2787B /* HNStoryTableViewCell.swift */ = {isa = PBXFileReference; fileEncoding = 4; lastKnownFileType = sourcecode.swift; path = HNStoryTableViewCell.swift; sourceTree = "<group>"; };
		4668CAF01A8266ED006D125B /* HNReader.app */ = {isa = PBXFileReference; explicitFileType = wrapper.application; includeInIndex = 0; path = HNReader.app; sourceTree = BUILT_PRODUCTS_DIR; };
		4668CAF41A8266ED006D125B /* Info.plist */ = {isa = PBXFileReference; lastKnownFileType = text.plist.xml; path = Info.plist; sourceTree = "<group>"; };
		4668CAF51A8266ED006D125B /* AppDelegate.swift */ = {isa = PBXFileReference; lastKnownFileType = sourcecode.swift; path = AppDelegate.swift; sourceTree = "<group>"; };
		4668CAFA1A8266ED006D125B /* Base */ = {isa = PBXFileReference; lastKnownFileType = file.storyboard; name = Base; path = Base.lproj/Main.storyboard; sourceTree = "<group>"; };
		4668CAFC1A8266ED006D125B /* Images.xcassets */ = {isa = PBXFileReference; lastKnownFileType = folder.assetcatalog; path = Images.xcassets; sourceTree = "<group>"; };
		4668CAFF1A8266ED006D125B /* Base */ = {isa = PBXFileReference; lastKnownFileType = file.xib; name = Base; path = Base.lproj/LaunchScreen.xib; sourceTree = "<group>"; };
		4668CB051A8266ED006D125B /* HNReaderTests.xctest */ = {isa = PBXFileReference; explicitFileType = wrapper.cfbundle; includeInIndex = 0; path = HNReaderTests.xctest; sourceTree = BUILT_PRODUCTS_DIR; };
		4668CB0A1A8266ED006D125B /* Info.plist */ = {isa = PBXFileReference; lastKnownFileType = text.plist.xml; path = Info.plist; sourceTree = "<group>"; };
		4668CB0B1A8266ED006D125B /* HNReaderTests.swift */ = {isa = PBXFileReference; lastKnownFileType = sourcecode.swift; path = HNReaderTests.swift; sourceTree = "<group>"; };
		4668CB151A8267C8006D125B /* Firebase.framework */ = {isa = PBXFileReference; lastKnownFileType = wrapper.framework; name = Firebase.framework; path = ../../../Downloads/Firebase.framework; sourceTree = "<group>"; };
		4668CB171A82680B006D125B /* libicucore.dylib */ = {isa = PBXFileReference; lastKnownFileType = "compiled.mach-o.dylib"; name = libicucore.dylib; path = usr/lib/libicucore.dylib; sourceTree = SDKROOT; };
		4668CB191A826819006D125B /* libc++.dylib */ = {isa = PBXFileReference; lastKnownFileType = "compiled.mach-o.dylib"; name = "libc++.dylib"; path = "usr/lib/libc++.dylib"; sourceTree = SDKROOT; };
		4668CB1B1A826822006D125B /* CFNetwork.framework */ = {isa = PBXFileReference; lastKnownFileType = wrapper.framework; name = CFNetwork.framework; path = System/Library/Frameworks/CFNetwork.framework; sourceTree = SDKROOT; };
		4668CB1D1A82682D006D125B /* Security.framework */ = {isa = PBXFileReference; lastKnownFileType = wrapper.framework; name = Security.framework; path = System/Library/Frameworks/Security.framework; sourceTree = SDKROOT; };
		4668CB1F1A826839006D125B /* SystemConfiguration.framework */ = {isa = PBXFileReference; lastKnownFileType = wrapper.framework; name = SystemConfiguration.framework; path = System/Library/Frameworks/SystemConfiguration.framework; sourceTree = SDKROOT; };
		4668CB221A8269E4006D125B /* HNReader-Bridging-Header.h */ = {isa = PBXFileReference; lastKnownFileType = sourcecode.c.h; path = "HNReader-Bridging-Header.h"; sourceTree = "<group>"; };
		4668CB251A826A44006D125B /* FirebaseHelper.swift */ = {isa = PBXFileReference; fileEncoding = 4; lastKnownFileType = sourcecode.swift; path = FirebaseHelper.swift; sourceTree = "<group>"; };
		4668CB271A8289EB006D125B /* Story.swift */ = {isa = PBXFileReference; fileEncoding = 4; lastKnownFileType = sourcecode.swift; path = Story.swift; sourceTree = "<group>"; };
		4668CB2A1A828F38006D125B /* SwiftyJSON.swift */ = {isa = PBXFileReference; fileEncoding = 4; lastKnownFileType = sourcecode.swift; path = SwiftyJSON.swift; sourceTree = "<group>"; };
		468FEE311A8BEEC2005D3C98 /* WebViewController.swift */ = {isa = PBXFileReference; fileEncoding = 4; lastKnownFileType = sourcecode.swift; path = WebViewController.swift; sourceTree = "<group>"; };
/* End PBXFileReference section */

/* Begin PBXFrameworksBuildPhase section */
		4668CAED1A8266ED006D125B /* Frameworks */ = {
			isa = PBXFrameworksBuildPhase;
			buildActionMask = 2147483647;
			files = (
				4668CB201A826839006D125B /* SystemConfiguration.framework in Frameworks */,
				4668CB1E1A82682D006D125B /* Security.framework in Frameworks */,
				4668CB1C1A826822006D125B /* CFNetwork.framework in Frameworks */,
				4668CB1A1A826819006D125B /* libc++.dylib in Frameworks */,
				4668CB181A82680B006D125B /* libicucore.dylib in Frameworks */,
				4668CB161A8267C8006D125B /* Firebase.framework in Frameworks */,
			);
			runOnlyForDeploymentPostprocessing = 0;
		};
		4668CB021A8266ED006D125B /* Frameworks */ = {
			isa = PBXFrameworksBuildPhase;
			buildActionMask = 2147483647;
			files = (
			);
			runOnlyForDeploymentPostprocessing = 0;
		};
/* End PBXFrameworksBuildPhase section */

/* Begin PBXGroup section */
		4668CAE71A8266ED006D125B = {
			isa = PBXGroup;
			children = (
				4668CB211A8269B1006D125B /* Frameworks */,
				4668CAF21A8266ED006D125B /* HNReader */,
				4668CB081A8266ED006D125B /* HNReaderTests */,
				4668CAF11A8266ED006D125B /* Products */,
			);
			sourceTree = "<group>";
		};
		4668CAF11A8266ED006D125B /* Products */ = {
			isa = PBXGroup;
			children = (
				4668CAF01A8266ED006D125B /* HNReader.app */,
				4668CB051A8266ED006D125B /* HNReaderTests.xctest */,
			);
			name = Products;
			sourceTree = "<group>";
		};
		4668CAF21A8266ED006D125B /* HNReader */ = {
			isa = PBXGroup;
			children = (
				4668CAF51A8266ED006D125B /* AppDelegate.swift */,
				4668CAF91A8266ED006D125B /* Main.storyboard */,
				4668CAF31A8266ED006D125B /* Supporting Files */,
				4668CB221A8269E4006D125B /* HNReader-Bridging-Header.h */,
				4668CB291A8289F3006D125B /* Firebase */,
				463FD9891A8297CE00D2787B /* HNListTableViewController.swift */,
				463FD98D1A82AB2B00D2787B /* HNStoryTableViewCell.swift */,
				468FEE311A8BEEC2005D3C98 /* WebViewController.swift */,
			);
			path = HNReader;
			sourceTree = "<group>";
		};
		4668CAF31A8266ED006D125B /* Supporting Files */ = {
			isa = PBXGroup;
			children = (
				4668CAF41A8266ED006D125B /* Info.plist */,
				4668CAFE1A8266ED006D125B /* LaunchScreen.xib */,
				4668CAFC1A8266ED006D125B /* Images.xcassets */,
			);
			name = "Supporting Files";
			sourceTree = "<group>";
		};
		4668CB081A8266ED006D125B /* HNReaderTests */ = {
			isa = PBXGroup;
			children = (
				4668CB0B1A8266ED006D125B /* HNReaderTests.swift */,
				4668CB091A8266ED006D125B /* Supporting Files */,
			);
			path = HNReaderTests;
			sourceTree = "<group>";
		};
		4668CB091A8266ED006D125B /* Supporting Files */ = {
			isa = PBXGroup;
			children = (
				4668CB0A1A8266ED006D125B /* Info.plist */,
			);
			name = "Supporting Files";
			sourceTree = "<group>";
		};
		4668CB211A8269B1006D125B /* Frameworks */ = {
			isa = PBXGroup;
			children = (
				4668CB1F1A826839006D125B /* SystemConfiguration.framework */,
				4668CB1D1A82682D006D125B /* Security.framework */,
				4668CB1B1A826822006D125B /* CFNetwork.framework */,
				4668CB191A826819006D125B /* libc++.dylib */,
				4668CB171A82680B006D125B /* libicucore.dylib */,
				4668CB151A8267C8006D125B /* Firebase.framework */,
			);
			name = Frameworks;
			sourceTree = "<group>";
		};
		4668CB291A8289F3006D125B /* Firebase */ = {
			isa = PBXGroup;
			children = (
				4668CB251A826A44006D125B /* FirebaseHelper.swift */,
				4668CB271A8289EB006D125B /* Story.swift */,
				4668CB2A1A828F38006D125B /* SwiftyJSON.swift */,
				461B625B1AAA4A7D00A20BED /* Mapper.swift */,
				461B625D1AAA4AB600A20BED /* StoryMapper.swift */,
			);
			name = Firebase;
			sourceTree = "<group>";
		};
/* End PBXGroup section */

/* Begin PBXNativeTarget section */
		4668CAEF1A8266ED006D125B /* HNReader */ = {
			isa = PBXNativeTarget;
			buildConfigurationList = 4668CB0F1A8266ED006D125B /* Build configuration list for PBXNativeTarget "HNReader" */;
			buildPhases = (
				4668CAEC1A8266ED006D125B /* Sources */,
				4668CAED1A8266ED006D125B /* Frameworks */,
				4668CAEE1A8266ED006D125B /* Resources */,
			);
			buildRules = (
			);
			dependencies = (
			);
			name = HNReader;
			productName = HNReader;
			productReference = 4668CAF01A8266ED006D125B /* HNReader.app */;
			productType = "com.apple.product-type.application";
		};
		4668CB041A8266ED006D125B /* HNReaderTests */ = {
			isa = PBXNativeTarget;
			buildConfigurationList = 4668CB121A8266ED006D125B /* Build configuration list for PBXNativeTarget "HNReaderTests" */;
			buildPhases = (
				4668CB011A8266ED006D125B /* Sources */,
				4668CB021A8266ED006D125B /* Frameworks */,
				4668CB031A8266ED006D125B /* Resources */,
			);
			buildRules = (
			);
			dependencies = (
				4668CB071A8266ED006D125B /* PBXTargetDependency */,
			);
			name = HNReaderTests;
			productName = HNReaderTests;
			productReference = 4668CB051A8266ED006D125B /* HNReaderTests.xctest */;
			productType = "com.apple.product-type.bundle.unit-test";
		};
/* End PBXNativeTarget section */

/* Begin PBXProject section */
		4668CAE81A8266ED006D125B /* Project object */ = {
			isa = PBXProject;
			attributes = {
				LastUpgradeCheck = 0610;
				ORGANIZATIONNAME = "Boris Musatov";
				TargetAttributes = {
					4668CAEF1A8266ED006D125B = {
						CreatedOnToolsVersion = 6.1.1;
					};
					4668CB041A8266ED006D125B = {
						CreatedOnToolsVersion = 6.1.1;
						TestTargetID = 4668CAEF1A8266ED006D125B;
					};
				};
			};
			buildConfigurationList = 4668CAEB1A8266ED006D125B /* Build configuration list for PBXProject "HNReader" */;
			compatibilityVersion = "Xcode 3.2";
			developmentRegion = English;
			hasScannedForEncodings = 0;
			knownRegions = (
				en,
				Base,
			);
			mainGroup = 4668CAE71A8266ED006D125B;
			productRefGroup = 4668CAF11A8266ED006D125B /* Products */;
			projectDirPath = "";
			projectRoot = "";
			targets = (
				4668CAEF1A8266ED006D125B /* HNReader */,
				4668CB041A8266ED006D125B /* HNReaderTests */,
			);
		};
/* End PBXProject section */

/* Begin PBXResourcesBuildPhase section */
		4668CAEE1A8266ED006D125B /* Resources */ = {
			isa = PBXResourcesBuildPhase;
			buildActionMask = 2147483647;
			files = (
				4668CAFB1A8266ED006D125B /* Main.storyboard in Resources */,
				4668CB001A8266ED006D125B /* LaunchScreen.xib in Resources */,
				4668CAFD1A8266ED006D125B /* Images.xcassets in Resources */,
			);
			runOnlyForDeploymentPostprocessing = 0;
		};
		4668CB031A8266ED006D125B /* Resources */ = {
			isa = PBXResourcesBuildPhase;
			buildActionMask = 2147483647;
			files = (
			);
			runOnlyForDeploymentPostprocessing = 0;
		};
/* End PBXResourcesBuildPhase section */

/* Begin PBXSourcesBuildPhase section */
		4668CAEC1A8266ED006D125B /* Sources */ = {
			isa = PBXSourcesBuildPhase;
			buildActionMask = 2147483647;
			files = (
				4668CB261A826A44006D125B /* FirebaseHelper.swift in Sources */,
				463FD98A1A8297CE00D2787B /* HNListTableViewController.swift in Sources */,
				461B625E1AAA4AB600A20BED /* StoryMapper.swift in Sources */,
				4668CAF61A8266ED006D125B /* AppDelegate.swift in Sources */,
				4668CB2B1A828F38006D125B /* SwiftyJSON.swift in Sources */,
				461B625C1AAA4A7D00A20BED /* Mapper.swift in Sources */,
				468FEE321A8BEEC2005D3C98 /* WebViewController.swift in Sources */,
				4668CB281A8289EB006D125B /* Story.swift in Sources */,
				463FD98E1A82AB2B00D2787B /* HNStoryTableViewCell.swift in Sources */,
			);
			runOnlyForDeploymentPostprocessing = 0;
		};
		4668CB011A8266ED006D125B /* Sources */ = {
			isa = PBXSourcesBuildPhase;
			buildActionMask = 2147483647;
			files = (
				4668CB0C1A8266ED006D125B /* HNReaderTests.swift in Sources */,
			);
			runOnlyForDeploymentPostprocessing = 0;
		};
/* End PBXSourcesBuildPhase section */

/* Begin PBXTargetDependency section */
		4668CB071A8266ED006D125B /* PBXTargetDependency */ = {
			isa = PBXTargetDependency;
			target = 4668CAEF1A8266ED006D125B /* HNReader */;
			targetProxy = 4668CB061A8266ED006D125B /* PBXContainerItemProxy */;
		};
/* End PBXTargetDependency section */

/* Begin PBXVariantGroup section */
		4668CAF91A8266ED006D125B /* Main.storyboard */ = {
			isa = PBXVariantGroup;
			children = (
				4668CAFA1A8266ED006D125B /* Base */,
			);
			name = Main.storyboard;
			sourceTree = "<group>";
		};
		4668CAFE1A8266ED006D125B /* LaunchScreen.xib */ = {
			isa = PBXVariantGroup;
			children = (
				4668CAFF1A8266ED006D125B /* Base */,
			);
			name = LaunchScreen.xib;
			sourceTree = "<group>";
		};
/* End PBXVariantGroup section */

/* Begin XCBuildConfiguration section */
		4668CB0D1A8266ED006D125B /* Debug */ = {
			isa = XCBuildConfiguration;
			buildSettings = {
				ALWAYS_SEARCH_USER_PATHS = NO;
				CLANG_CXX_LANGUAGE_STANDARD = "gnu++0x";
				CLANG_CXX_LIBRARY = "libc++";
				CLANG_ENABLE_MODULES = YES;
				CLANG_ENABLE_OBJC_ARC = YES;
				CLANG_WARN_BOOL_CONVERSION = YES;
				CLANG_WARN_CONSTANT_CONVERSION = YES;
				CLANG_WARN_DIRECT_OBJC_ISA_USAGE = YES_ERROR;
				CLANG_WARN_EMPTY_BODY = YES;
				CLANG_WARN_ENUM_CONVERSION = YES;
				CLANG_WARN_INT_CONVERSION = YES;
				CLANG_WARN_OBJC_ROOT_CLASS = YES_ERROR;
				CLANG_WARN_UNREACHABLE_CODE = YES;
				CLANG_WARN__DUPLICATE_METHOD_MATCH = YES;
				"CODE_SIGN_IDENTITY[sdk=iphoneos*]" = "iPhone Developer";
				COPY_PHASE_STRIP = NO;
				ENABLE_STRICT_OBJC_MSGSEND = YES;
				GCC_C_LANGUAGE_STANDARD = gnu99;
				GCC_DYNAMIC_NO_PIC = NO;
				GCC_OPTIMIZATION_LEVEL = 0;
				GCC_PREPROCESSOR_DEFINITIONS = (
					"DEBUG=1",
					"$(inherited)",
				);
				GCC_SYMBOLS_PRIVATE_EXTERN = NO;
				GCC_WARN_64_TO_32_BIT_CONVERSION = YES;
				GCC_WARN_ABOUT_RETURN_TYPE = YES_ERROR;
				GCC_WARN_UNDECLARED_SELECTOR = YES;
				GCC_WARN_UNINITIALIZED_AUTOS = YES_AGGRESSIVE;
				GCC_WARN_UNUSED_FUNCTION = YES;
				GCC_WARN_UNUSED_VARIABLE = YES;
				IPHONEOS_DEPLOYMENT_TARGET = 8.1;
				MTL_ENABLE_DEBUG_INFO = YES;
				ONLY_ACTIVE_ARCH = YES;
				SDKROOT = iphoneos;
				SWIFT_OPTIMIZATION_LEVEL = "-Onone";
				TARGETED_DEVICE_FAMILY = "1,2";
			};
			name = Debug;
		};
		4668CB0E1A8266ED006D125B /* Release */ = {
			isa = XCBuildConfiguration;
			buildSettings = {
				ALWAYS_SEARCH_USER_PATHS = NO;
				CLANG_CXX_LANGUAGE_STANDARD = "gnu++0x";
				CLANG_CXX_LIBRARY = "libc++";
				CLANG_ENABLE_MODULES = YES;
				CLANG_ENABLE_OBJC_ARC = YES;
				CLANG_WARN_BOOL_CONVERSION = YES;
				CLANG_WARN_CONSTANT_CONVERSION = YES;
				CLANG_WARN_DIRECT_OBJC_ISA_USAGE = YES_ERROR;
				CLANG_WARN_EMPTY_BODY = YES;
				CLANG_WARN_ENUM_CONVERSION = YES;
				CLANG_WARN_INT_CONVERSION = YES;
				CLANG_WARN_OBJC_ROOT_CLASS = YES_ERROR;
				CLANG_WARN_UNREACHABLE_CODE = YES;
				CLANG_WARN__DUPLICATE_METHOD_MATCH = YES;
				"CODE_SIGN_IDENTITY[sdk=iphoneos*]" = "iPhone Developer";
				COPY_PHASE_STRIP = YES;
				ENABLE_NS_ASSERTIONS = NO;
				ENABLE_STRICT_OBJC_MSGSEND = YES;
				GCC_C_LANGUAGE_STANDARD = gnu99;
				GCC_WARN_64_TO_32_BIT_CONVERSION = YES;
				GCC_WARN_ABOUT_RETURN_TYPE = YES_ERROR;
				GCC_WARN_UNDECLARED_SELECTOR = YES;
				GCC_WARN_UNINITIALIZED_AUTOS = YES_AGGRESSIVE;
				GCC_WARN_UNUSED_FUNCTION = YES;
				GCC_WARN_UNUSED_VARIABLE = YES;
				IPHONEOS_DEPLOYMENT_TARGET = 8.1;
				MTL_ENABLE_DEBUG_INFO = NO;
				SDKROOT = iphoneos;
				TARGETED_DEVICE_FAMILY = "1,2";
				VALIDATE_PRODUCT = YES;
			};
			name = Release;
		};
		4668CB101A8266ED006D125B /* Debug */ = {
			isa = XCBuildConfiguration;
			buildSettings = {
				ASSETCATALOG_COMPILER_APPICON_NAME = AppIcon;
				CLANG_ENABLE_MODULES = YES;
				FRAMEWORK_SEARCH_PATHS = (
					"$(inherited)",
					"/Users/boris-prague/Downloads",
				);
				INFOPLIST_FILE = HNReader/Info.plist;
				LD_RUNPATH_SEARCH_PATHS = "$(inherited) @executable_path/Frameworks";
				OTHER_LDFLAGS = "-ObjC";
				PRODUCT_NAME = "$(TARGET_NAME)";
				SWIFT_OBJC_BRIDGING_HEADER = "HNReader/HNReader-Bridging-Header.h";
				SWIFT_OPTIMIZATION_LEVEL = "-Onone";
			};
			name = Debug;
		};
		4668CB111A8266ED006D125B /* Release */ = {
			isa = XCBuildConfiguration;
			buildSettings = {
				ASSETCATALOG_COMPILER_APPICON_NAME = AppIcon;
				CLANG_ENABLE_MODULES = YES;
				FRAMEWORK_SEARCH_PATHS = (
					"$(inherited)",
					"/Users/boris-prague/Downloads",
				);
				INFOPLIST_FILE = HNReader/Info.plist;
				LD_RUNPATH_SEARCH_PATHS = "$(inherited) @executable_path/Frameworks";
				OTHER_LDFLAGS = "-ObjC";
				PRODUCT_NAME = "$(TARGET_NAME)";
				SWIFT_OBJC_BRIDGING_HEADER = "HNReader/HNReader-Bridging-Header.h";
			};
			name = Release;
		};
		4668CB131A8266ED006D125B /* Debug */ = {
			isa = XCBuildConfiguration;
			buildSettings = {
				BUNDLE_LOADER = "$(TEST_HOST)";
				FRAMEWORK_SEARCH_PATHS = (
					"$(SDKROOT)/Developer/Library/Frameworks",
					"$(inherited)",
				);
				GCC_PREPROCESSOR_DEFINITIONS = (
					"DEBUG=1",
					"$(inherited)",
				);
				INFOPLIST_FILE = HNReaderTests/Info.plist;
				LD_RUNPATH_SEARCH_PATHS = "$(inherited) @executable_path/Frameworks @loader_path/Frameworks";
				PRODUCT_NAME = "$(TARGET_NAME)";
				TEST_HOST = "$(BUILT_PRODUCTS_DIR)/HNReader.app/HNReader";
			};
			name = Debug;
		};
		4668CB141A8266ED006D125B /* Release */ = {
			isa = XCBuildConfiguration;
			buildSettings = {
				BUNDLE_LOADER = "$(TEST_HOST)";
				FRAMEWORK_SEARCH_PATHS = (
					"$(SDKROOT)/Developer/Library/Frameworks",
					"$(inherited)",
				);
				INFOPLIST_FILE = HNReaderTests/Info.plist;
				LD_RUNPATH_SEARCH_PATHS = "$(inherited) @executable_path/Frameworks @loader_path/Frameworks";
				PRODUCT_NAME = "$(TARGET_NAME)";
				TEST_HOST = "$(BUILT_PRODUCTS_DIR)/HNReader.app/HNReader";
			};
			name = Release;
		};
/* End XCBuildConfiguration section */

/* Begin XCConfigurationList section */
		4668CAEB1A8266ED006D125B /* Build configuration list for PBXProject "HNReader" */ = {
			isa = XCConfigurationList;
			buildConfigurations = (
				4668CB0D1A8266ED006D125B /* Debug */,
				4668CB0E1A8266ED006D125B /* Release */,
			);
			defaultConfigurationIsVisible = 0;
			defaultConfigurationName = Release;
		};
		4668CB0F1A8266ED006D125B /* Build configuration list for PBXNativeTarget "HNReader" */ = {
			isa = XCConfigurationList;
			buildConfigurations = (
				4668CB101A8266ED006D125B /* Debug */,
				4668CB111A8266ED006D125B /* Release */,
			);
			defaultConfigurationIsVisible = 0;
			defaultConfigurationName = Release;
		};
		4668CB121A8266ED006D125B /* Build configuration list for PBXNativeTarget "HNReaderTests" */ = {
			isa = XCConfigurationList;
			buildConfigurations = (
				4668CB131A8266ED006D125B /* Debug */,
				4668CB141A8266ED006D125B /* Release */,
			);
			defaultConfigurationIsVisible = 0;
			defaultConfigurationName = Release;
		};
/* End XCConfigurationList section */
	};
	rootObject = 4668CAE81A8266ED006D125B /* Project object */;
}
